
Microsoft Visual Studio Solution File, Format Version 12.00
# Visual Studio Version 16
VisualStudioVersion = 16.0.28803.452
MinimumVisualStudioVersion = 10.0.40219.1
Project("{FAE04EC0-301F-11D3-BF4B-00C04F79EFBC}") = "Eliza", "Eliza\Eliza.csproj", "{0A09156D-5C0E-412B-AAD1-D526804766B7}"
EndProject
Global
	GlobalSection(SolutionConfigurationPlatforms) = preSolution
		Debug|Any CPU = Debug|Any CPU
		Release|Any CPU = Release|Any CPU
	EndGlobalSection
	GlobalSection(ProjectConfigurationPlatforms) = postSolution
		{0A09156D-5C0E-412B-AAD1-D526804766B7}.Debug|Any CPU.ActiveCfg = Debug|Any CPU
		{0A09156D-5C0E-412B-AAD1-D526804766B7}.Debug|Any CPU.Build.0 = Debug|Any CPU
		{0A09156D-5C0E-412B-AAD1-D526804766B7}.Release|Any CPU.ActiveCfg = Release|Any CPU
		{0A09156D-5C0E-412B-AAD1-D526804766B7}.Release|Any CPU.Build.0 = Release|Any CPU
	EndGlobalSection
	GlobalSection(SolutionProperties) = preSolution
		HideSolutionNode = FALSE
	EndGlobalSection
	GlobalSection(ExtensibilityGlobals) = postSolution
		SolutionGuid = {5CCF59F5-DE80-4071-9B3A-3571515F416E}
	EndGlobalSection
EndGlobal
